
Microsoft Visual Studio Solution File, Format Version 12.00
# Visual Studio 15
Project("{FAE04EC0-301F-11D3-BF4B-00C04F79EFBC}") = "Identity", "src\Services\Identity\Identity.csproj", "{6AEA1E04-7FBB-40A4-972A-0DC37B4024E5}"
EndProject
Project("{FAE04EC0-301F-11D3-BF4B-00C04F79EFBC}") = "Carsharing", "src\Services\Carsharing\Carsharing.csproj", "{8B10EB8C-5956-41B5-B2A9-D9C405FE3537}"
EndProject
Project("{2150E333-8FDC-42A3-9474-1A3956D46DE8}") = "Solution Items", "Solution Items", "{87EA241D-8C10-4C91-AA0D-3F97FD2FBA69}"
	ProjectSection(SolutionItems) = preProject
		.gitignore = .gitignore
		README.md = README.md
	EndProjectSection
EndProject
Project("{E53339B2-1760-4266-BCC7-CA923CBCF16C}") = "docker-compose", "docker-compose.dcproj", "{C1CF9F89-3F15-40E9-81A7-C73C87F7C6D8}"
EndProject
Project("{FAE04EC0-301F-11D3-BF4B-00C04F79EFBC}") = "Geocoding", "src\Services\Geocoding\Geocoding.csproj", "{B5B9AF4F-D5DF-43EF-8D3C-98441C7882E6}"
EndProject
Project("{FAE04EC0-301F-11D3-BF4B-00C04F79EFBC}") = "ApiGateway", "src\ApiGateway\ApiGateway.csproj", "{F11B54A8-799A-4DE5-A6F6-1F586F545B63}"
EndProject
Global
	GlobalSection(SolutionConfigurationPlatforms) = preSolution
		Debug|Any CPU = Debug|Any CPU
		Release|Any CPU = Release|Any CPU
	EndGlobalSection
	GlobalSection(ProjectConfigurationPlatforms) = postSolution
		{6AEA1E04-7FBB-40A4-972A-0DC37B4024E5}.Debug|Any CPU.ActiveCfg = Debug|Any CPU
		{6AEA1E04-7FBB-40A4-972A-0DC37B4024E5}.Debug|Any CPU.Build.0 = Debug|Any CPU
		{6AEA1E04-7FBB-40A4-972A-0DC37B4024E5}.Release|Any CPU.ActiveCfg = Release|Any CPU
		{6AEA1E04-7FBB-40A4-972A-0DC37B4024E5}.Release|Any CPU.Build.0 = Release|Any CPU
		{8B10EB8C-5956-41B5-B2A9-D9C405FE3537}.Debug|Any CPU.ActiveCfg = Debug|Any CPU
		{8B10EB8C-5956-41B5-B2A9-D9C405FE3537}.Debug|Any CPU.Build.0 = Debug|Any CPU
		{8B10EB8C-5956-41B5-B2A9-D9C405FE3537}.Release|Any CPU.ActiveCfg = Release|Any CPU
		{8B10EB8C-5956-41B5-B2A9-D9C405FE3537}.Release|Any CPU.Build.0 = Release|Any CPU
		{C1CF9F89-3F15-40E9-81A7-C73C87F7C6D8}.Debug|Any CPU.ActiveCfg = Debug|Any CPU
		{C1CF9F89-3F15-40E9-81A7-C73C87F7C6D8}.Debug|Any CPU.Build.0 = Debug|Any CPU
		{C1CF9F89-3F15-40E9-81A7-C73C87F7C6D8}.Release|Any CPU.ActiveCfg = Release|Any CPU
		{C1CF9F89-3F15-40E9-81A7-C73C87F7C6D8}.Release|Any CPU.Build.0 = Release|Any CPU
		{B5B9AF4F-D5DF-43EF-8D3C-98441C7882E6}.Debug|Any CPU.ActiveCfg = Debug|Any CPU
		{B5B9AF4F-D5DF-43EF-8D3C-98441C7882E6}.Debug|Any CPU.Build.0 = Debug|Any CPU
		{B5B9AF4F-D5DF-43EF-8D3C-98441C7882E6}.Release|Any CPU.ActiveCfg = Release|Any CPU
		{B5B9AF4F-D5DF-43EF-8D3C-98441C7882E6}.Release|Any CPU.Build.0 = Release|Any CPU
		{F11B54A8-799A-4DE5-A6F6-1F586F545B63}.Debug|Any CPU.ActiveCfg = Debug|Any CPU
		{F11B54A8-799A-4DE5-A6F6-1F586F545B63}.Debug|Any CPU.Build.0 = Debug|Any CPU
		{F11B54A8-799A-4DE5-A6F6-1F586F545B63}.Release|Any CPU.ActiveCfg = Release|Any CPU
		{F11B54A8-799A-4DE5-A6F6-1F586F545B63}.Release|Any CPU.Build.0 = Release|Any CPU
	EndGlobalSection
	GlobalSection(NestedProjects) = preSolution
	EndGlobalSection
EndGlobal
